
Microsoft Visual Studio Solution File, Format Version 12.00
# Visual Studio Version 17
VisualStudioVersion = 17.12.35521.163
MinimumVisualStudioVersion = 10.0.40219.1
Project("{FAE04EC0-301F-11D3-BF4B-00C04F79EFBC}") = "projectSuperMarket", "projectSuperMarket\projectSuperMarket.csproj", "{58D9F4DB-6D40-4241-9F7A-DBDEB8A2316F}"
EndProject
Project("{FAE04EC0-301F-11D3-BF4B-00C04F79EFBC}") = "projectSuperMarket.core", "projectSuperMarket.core\projectSuperMarket.core.csproj", "{DD0DA5B7-FAEF-44E8-8400-0660EECCE270}"
EndProject
Project("{FAE04EC0-301F-11D3-BF4B-00C04F79EFBC}") = "projectSuperMarket.Data", "projectSuperMarket.Data\projectSuperMarket.Data.csproj", "{DA782227-1E67-497C-9FD5-E0C93962D601}"
EndProject
Project("{FAE04EC0-301F-11D3-BF4B-00C04F79EFBC}") = "projectSuperMarket.Servies", "projectSuperMarket.Servies\projectSuperMarket.Servies.csproj", "{57C3F96C-00AC-4272-9329-2B6F7EB8B773}"
EndProject
Global
	GlobalSection(SolutionConfigurationPlatforms) = preSolution
		Debug|Any CPU = Debug|Any CPU
		Release|Any CPU = Release|Any CPU
	EndGlobalSection
	GlobalSection(ProjectConfigurationPlatforms) = postSolution
		{58D9F4DB-6D40-4241-9F7A-DBDEB8A2316F}.Debug|Any CPU.ActiveCfg = Debug|Any CPU
		{58D9F4DB-6D40-4241-9F7A-DBDEB8A2316F}.Debug|Any CPU.Build.0 = Debug|Any CPU
		{58D9F4DB-6D40-4241-9F7A-DBDEB8A2316F}.Release|Any CPU.ActiveCfg = Release|Any CPU
		{58D9F4DB-6D40-4241-9F7A-DBDEB8A2316F}.Release|Any CPU.Build.0 = Release|Any CPU
		{DD0DA5B7-FAEF-44E8-8400-0660EECCE270}.Debug|Any CPU.ActiveCfg = Debug|Any CPU
		{DD0DA5B7-FAEF-44E8-8400-0660EECCE270}.Debug|Any CPU.Build.0 = Debug|Any CPU
		{DD0DA5B7-FAEF-44E8-8400-0660EECCE270}.Release|Any CPU.ActiveCfg = Release|Any CPU
		{DD0DA5B7-FAEF-44E8-8400-0660EECCE270}.Release|Any CPU.Build.0 = Release|Any CPU
		{DA782227-1E67-497C-9FD5-E0C93962D601}.Debug|Any CPU.ActiveCfg = Debug|Any CPU
		{DA782227-1E67-497C-9FD5-E0C93962D601}.Debug|Any CPU.Build.0 = Debug|Any CPU
		{DA782227-1E67-497C-9FD5-E0C93962D601}.Release|Any CPU.ActiveCfg = Release|Any CPU
		{DA782227-1E67-497C-9FD5-E0C93962D601}.Release|Any CPU.Build.0 = Release|Any CPU
		{57C3F96C-00AC-4272-9329-2B6F7EB8B773}.Debug|Any CPU.ActiveCfg = Debug|Any CPU
		{57C3F96C-00AC-4272-9329-2B6F7EB8B773}.Debug|Any CPU.Build.0 = Debug|Any CPU
		{57C3F96C-00AC-4272-9329-2B6F7EB8B773}.Release|Any CPU.ActiveCfg = Release|Any CPU
		{57C3F96C-00AC-4272-9329-2B6F7EB8B773}.Release|Any CPU.Build.0 = Release|Any CPU
	EndGlobalSection
	GlobalSection(SolutionProperties) = preSolution
		HideSolutionNode = FALSE
	EndGlobalSection
EndGlobal
